// !$*UTF8*$!
{
	archiveVersion = 1;
	classes = {
	};
	objectVersion = 46;
	objects = {

/* Begin PBXBuildFile section */
		0638D9C21EEFC1A500D74F4C /* PlayerSprite.swift in Sources */ = {isa = PBXBuildFile; fileRef = 0638D9C11EEFC1A500D74F4C /* PlayerSprite.swift */; };
		0638D9C51EEFC38600D74F4C /* ZombieSprite.swift in Sources */ = {isa = PBXBuildFile; fileRef = 0638D9C41EEFC38600D74F4C /* ZombieSprite.swift */; };
		0638D9C91EEFDD3700D74F4C /* InitialScene.swift in Sources */ = {isa = PBXBuildFile; fileRef = 0638D9C81EEFDD3700D74F4C /* InitialScene.swift */; };
		0638D9CB1EEFFFBB00D74F4C /* Images.xcassets in Resources */ = {isa = PBXBuildFile; fileRef = 0638D9CA1EEFFFBB00D74F4C /* Images.xcassets */; };
		0638D9CD1EF0CE5800D74F4C /* GameSceneHudNode.swift in Sources */ = {isa = PBXBuildFile; fileRef = 0638D9CC1EF0CE5800D74F4C /* GameSceneHudNode.swift */; };
		06791BD51EE4162400F00FC8 /* AppDelegate.swift in Sources */ = {isa = PBXBuildFile; fileRef = 06791BD41EE4162400F00FC8 /* AppDelegate.swift */; };
		06791BD71EE4162400F00FC8 /* GameScene.sks in Resources */ = {isa = PBXBuildFile; fileRef = 06791BD61EE4162400F00FC8 /* GameScene.sks */; };
		06791BD91EE4162400F00FC8 /* Actions.sks in Resources */ = {isa = PBXBuildFile; fileRef = 06791BD81EE4162400F00FC8 /* Actions.sks */; };
		06791BDB1EE4162400F00FC8 /* GameScene.swift in Sources */ = {isa = PBXBuildFile; fileRef = 06791BDA1EE4162400F00FC8 /* GameScene.swift */; };
		06791BDD1EE4162400F00FC8 /* GameViewController.swift in Sources */ = {isa = PBXBuildFile; fileRef = 06791BDC1EE4162400F00FC8 /* GameViewController.swift */; };
		06791BE01EE4162400F00FC8 /* Main.storyboard in Resources */ = {isa = PBXBuildFile; fileRef = 06791BDE1EE4162400F00FC8 /* Main.storyboard */; };
		06791BE51EE4162400F00FC8 /* LaunchScreen.storyboard in Resources */ = {isa = PBXBuildFile; fileRef = 06791BE31EE4162400F00FC8 /* LaunchScreen.storyboard */; };
		06791BED1EE45BE600F00FC8 /* MenuScene.swift in Sources */ = {isa = PBXBuildFile; fileRef = 06791BEC1EE45BE600F00FC8 /* MenuScene.swift */; };
		06791BF11EE45DFE00F00FC8 /* Sounds in Resources */ = {isa = PBXBuildFile; fileRef = 06791BEF1EE45DFE00F00FC8 /* Sounds */; };
		06791BF41EE45E3100F00FC8 /* Room.sks in Resources */ = {isa = PBXBuildFile; fileRef = 06791BF21EE45E3100F00FC8 /* Room.sks */; };
		06791BF51EE45E3100F00FC8 /* Wall.sks in Resources */ = {isa = PBXBuildFile; fileRef = 06791BF31EE45E3100F00FC8 /* Wall.sks */; };
/* End PBXBuildFile section */

/* Begin PBXFileReference section */
		0638D9C11EEFC1A500D74F4C /* PlayerSprite.swift */ = {isa = PBXFileReference; fileEncoding = 4; lastKnownFileType = sourcecode.swift; path = PlayerSprite.swift; sourceTree = "<group>"; };
		0638D9C41EEFC38600D74F4C /* ZombieSprite.swift */ = {isa = PBXFileReference; fileEncoding = 4; lastKnownFileType = sourcecode.swift; path = ZombieSprite.swift; sourceTree = "<group>"; };
		0638D9C81EEFDD3700D74F4C /* InitialScene.swift */ = {isa = PBXFileReference; fileEncoding = 4; lastKnownFileType = sourcecode.swift; path = InitialScene.swift; sourceTree = "<group>"; };
		0638D9CA1EEFFFBB00D74F4C /* Images.xcassets */ = {isa = PBXFileReference; lastKnownFileType = folder.assetcatalog; path = Images.xcassets; sourceTree = "<group>"; };
		0638D9CC1EF0CE5800D74F4C /* GameSceneHudNode.swift */ = {isa = PBXFileReference; fileEncoding = 4; lastKnownFileType = sourcecode.swift; path = GameSceneHudNode.swift; sourceTree = "<group>"; };
		06791BD11EE4162400F00FC8 /* RunInDark.app */ = {isa = PBXFileReference; explicitFileType = wrapper.application; includeInIndex = 0; path = RunInDark.app; sourceTree = BUILT_PRODUCTS_DIR; };
		06791BD41EE4162400F00FC8 /* AppDelegate.swift */ = {isa = PBXFileReference; lastKnownFileType = sourcecode.swift; path = AppDelegate.swift; sourceTree = "<group>"; };
		06791BD61EE4162400F00FC8 /* GameScene.sks */ = {isa = PBXFileReference; lastKnownFileType = file.sks; path = GameScene.sks; sourceTree = "<group>"; };
		06791BD81EE4162400F00FC8 /* Actions.sks */ = {isa = PBXFileReference; lastKnownFileType = file.sks; path = Actions.sks; sourceTree = "<group>"; };
		06791BDA1EE4162400F00FC8 /* GameScene.swift */ = {isa = PBXFileReference; lastKnownFileType = sourcecode.swift; path = GameScene.swift; sourceTree = "<group>"; };
		06791BDC1EE4162400F00FC8 /* GameViewController.swift */ = {isa = PBXFileReference; lastKnownFileType = sourcecode.swift; path = GameViewController.swift; sourceTree = "<group>"; };
		06791BDF1EE4162400F00FC8 /* Base */ = {isa = PBXFileReference; lastKnownFileType = file.storyboard; name = Base; path = Base.lproj/Main.storyboard; sourceTree = "<group>"; };
		06791BE41EE4162400F00FC8 /* Base */ = {isa = PBXFileReference; lastKnownFileType = file.storyboard; name = Base; path = Base.lproj/LaunchScreen.storyboard; sourceTree = "<group>"; };
		06791BE61EE4162400F00FC8 /* Info.plist */ = {isa = PBXFileReference; lastKnownFileType = text.plist.xml; path = Info.plist; sourceTree = "<group>"; };
		06791BEC1EE45BE600F00FC8 /* MenuScene.swift */ = {isa = PBXFileReference; fileEncoding = 4; lastKnownFileType = sourcecode.swift; path = MenuScene.swift; sourceTree = "<group>"; };
		06791BEF1EE45DFE00F00FC8 /* Sounds */ = {isa = PBXFileReference; lastKnownFileType = folder; path = Sounds; sourceTree = "<group>"; };
		06791BF21EE45E3100F00FC8 /* Room.sks */ = {isa = PBXFileReference; lastKnownFileType = file.sks; path = Room.sks; sourceTree = "<group>"; };
		06791BF31EE45E3100F00FC8 /* Wall.sks */ = {isa = PBXFileReference; lastKnownFileType = file.sks; path = Wall.sks; sourceTree = "<group>"; };
/* End PBXFileReference section */

/* Begin PBXFrameworksBuildPhase section */
		06791BCE1EE4162400F00FC8 /* Frameworks */ = {
			isa = PBXFrameworksBuildPhase;
			buildActionMask = 2147483647;
			files = (
			);
			runOnlyForDeploymentPostprocessing = 0;
		};
/* End PBXFrameworksBuildPhase section */

/* Begin PBXGroup section */
		0638D9C31EEFC23400D74F4C /* Sprites */ = {
			isa = PBXGroup;
			children = (
				0638D9C11EEFC1A500D74F4C /* PlayerSprite.swift */,
				0638D9C41EEFC38600D74F4C /* ZombieSprite.swift */,
			);
			name = Sprites;
			sourceTree = "<group>";
		};
		0638D9CE1EF0CE6000D74F4C /* SKNodes */ = {
			isa = PBXGroup;
			children = (
				0638D9CC1EF0CE5800D74F4C /* GameSceneHudNode.swift */,
			);
			name = SKNodes;
			sourceTree = "<group>";
		};
		067258B11EEBD545005ACA3F /* Scenes */ = {
			isa = PBXGroup;
			children = (
				06791BDA1EE4162400F00FC8 /* GameScene.swift */,
				06791BEC1EE45BE600F00FC8 /* MenuScene.swift */,
				0638D9C81EEFDD3700D74F4C /* InitialScene.swift */,
			);
			name = Scenes;
			sourceTree = "<group>";
		};
		067258B21EEBD553005ACA3F /* SKScenes */ = {
			isa = PBXGroup;
			children = (
				06791BD61EE4162400F00FC8 /* GameScene.sks */,
				06791BF21EE45E3100F00FC8 /* Room.sks */,
				06791BF31EE45E3100F00FC8 /* Wall.sks */,
				06791BD81EE4162400F00FC8 /* Actions.sks */,
			);
			name = SKScenes;
			sourceTree = "<group>";
		};
		06791BC81EE4162400F00FC8 = {
			isa = PBXGroup;
			children = (
				06791BD31EE4162400F00FC8 /* RunInDark */,
				06791BD21EE4162400F00FC8 /* Products */,
			);
			sourceTree = "<group>";
		};
		06791BD21EE4162400F00FC8 /* Products */ = {
			isa = PBXGroup;
			children = (
				06791BD11EE4162400F00FC8 /* RunInDark.app */,
			);
			name = Products;
			sourceTree = "<group>";
		};
		06791BD31EE4162400F00FC8 /* RunInDark */ = {
			isa = PBXGroup;
			children = (
				0638D9CE1EF0CE6000D74F4C /* SKNodes */,
				0638D9C31EEFC23400D74F4C /* Sprites */,
				067258B21EEBD553005ACA3F /* SKScenes */,
				067258B11EEBD545005ACA3F /* Scenes */,
				06791BD41EE4162400F00FC8 /* AppDelegate.swift */,
				06791BDC1EE4162400F00FC8 /* GameViewController.swift */,
				06791BDE1EE4162400F00FC8 /* Main.storyboard */,
				0638D9CA1EEFFFBB00D74F4C /* Images.xcassets */,
				06791BEF1EE45DFE00F00FC8 /* Sounds */,
				06791BE31EE4162400F00FC8 /* LaunchScreen.storyboard */,
				06791BE61EE4162400F00FC8 /* Info.plist */,
			);
			path = RunInDark;
			sourceTree = "<group>";
		};
/* End PBXGroup section */

/* Begin PBXNativeTarget section */
		06791BD01EE4162400F00FC8 /* RunInDark */ = {
			isa = PBXNativeTarget;
			buildConfigurationList = 06791BE91EE4162400F00FC8 /* Build configuration list for PBXNativeTarget "RunInDark" */;
			buildPhases = (
				06791BCD1EE4162400F00FC8 /* Sources */,
				06791BCE1EE4162400F00FC8 /* Frameworks */,
				06791BCF1EE4162400F00FC8 /* Resources */,
			);
			buildRules = (
			);
			dependencies = (
			);
			name = RunInDark;
			productName = RunInDark;
			productReference = 06791BD11EE4162400F00FC8 /* RunInDark.app */;
			productType = "com.apple.product-type.application";
		};
/* End PBXNativeTarget section */

/* Begin PBXProject section */
		06791BC91EE4162400F00FC8 /* Project object */ = {
			isa = PBXProject;
			attributes = {
				LastSwiftUpdateCheck = 0830;
				LastUpgradeCheck = 0830;
				ORGANIZATIONNAME = NJU;
				TargetAttributes = {
					06791BD01EE4162400F00FC8 = {
						CreatedOnToolsVersion = 8.3.2;
						DevelopmentTeam = 9757EZX85T;
						ProvisioningStyle = Automatic;
					};
				};
			};
			buildConfigurationList = 06791BCC1EE4162400F00FC8 /* Build configuration list for PBXProject "RunInDark" */;
			compatibilityVersion = "Xcode 3.2";
			developmentRegion = English;
			hasScannedForEncodings = 0;
			knownRegions = (
				en,
				Base,
			);
			mainGroup = 06791BC81EE4162400F00FC8;
			productRefGroup = 06791BD21EE4162400F00FC8 /* Products */;
			projectDirPath = "";
			projectRoot = "";
			targets = (
				06791BD01EE4162400F00FC8 /* RunInDark */,
			);
		};
/* End PBXProject section */

/* Begin PBXResourcesBuildPhase section */
		06791BCF1EE4162400F00FC8 /* Resources */ = {
			isa = PBXResourcesBuildPhase;
			buildActionMask = 2147483647;
			files = (
				06791BF51EE45E3100F00FC8 /* Wall.sks in Resources */,
				0638D9CB1EEFFFBB00D74F4C /* Images.xcassets in Resources */,
				06791BE01EE4162400F00FC8 /* Main.storyboard in Resources */,
				06791BD71EE4162400F00FC8 /* GameScene.sks in Resources */,
				06791BF41EE45E3100F00FC8 /* Room.sks in Resources */,
				06791BE51EE4162400F00FC8 /* LaunchScreen.storyboard in Resources */,
				06791BD91EE4162400F00FC8 /* Actions.sks in Resources */,
				06791BF11EE45DFE00F00FC8 /* Sounds in Resources */,
			);
			runOnlyForDeploymentPostprocessing = 0;
		};
/* End PBXResourcesBuildPhase section */

/* Begin PBXSourcesBuildPhase section */
		06791BCD1EE4162400F00FC8 /* Sources */ = {
			isa = PBXSourcesBuildPhase;
			buildActionMask = 2147483647;
			files = (
				06791BDB1EE4162400F00FC8 /* GameScene.swift in Sources */,
				06791BED1EE45BE600F00FC8 /* MenuScene.swift in Sources */,
				0638D9C51EEFC38600D74F4C /* ZombieSprite.swift in Sources */,
				06791BDD1EE4162400F00FC8 /* GameViewController.swift in Sources */,
				0638D9C91EEFDD3700D74F4C /* InitialScene.swift in Sources */,
				06791BD51EE4162400F00FC8 /* AppDelegate.swift in Sources */,
				0638D9CD1EF0CE5800D74F4C /* GameSceneHudNode.swift in Sources */,
				0638D9C21EEFC1A500D74F4C /* PlayerSprite.swift in Sources */,
			);
			runOnlyForDeploymentPostprocessing = 0;
		};
/* End PBXSourcesBuildPhase section */

/* Begin PBXVariantGroup section */
		06791BDE1EE4162400F00FC8 /* Main.storyboard */ = {
			isa = PBXVariantGroup;
			children = (
				06791BDF1EE4162400F00FC8 /* Base */,
			);
			name = Main.storyboard;
			sourceTree = "<group>";
		};
		06791BE31EE4162400F00FC8 /* LaunchScreen.storyboard */ = {
			isa = PBXVariantGroup;
			children = (
				06791BE41EE4162400F00FC8 /* Base */,
			);
			name = LaunchScreen.storyboard;
			sourceTree = "<group>";
		};
/* End PBXVariantGroup section */

/* Begin XCBuildConfiguration section */
		06791BE71EE4162400F00FC8 /* Debug */ = {
			isa = XCBuildConfiguration;
			buildSettings = {
				ALWAYS_SEARCH_USER_PATHS = NO;
				CLANG_ANALYZER_NONNULL = YES;
				CLANG_ANALYZER_NUMBER_OBJECT_CONVERSION = YES_AGGRESSIVE;
				CLANG_CXX_LANGUAGE_STANDARD = "gnu++0x";
				CLANG_CXX_LIBRARY = "libc++";
				CLANG_ENABLE_MODULES = YES;
				CLANG_ENABLE_OBJC_ARC = YES;
				CLANG_WARN_BOOL_CONVERSION = YES;
				CLANG_WARN_CONSTANT_CONVERSION = YES;
				CLANG_WARN_DIRECT_OBJC_ISA_USAGE = YES_ERROR;
				CLANG_WARN_DOCUMENTATION_COMMENTS = YES;
				CLANG_WARN_EMPTY_BODY = YES;
				CLANG_WARN_ENUM_CONVERSION = YES;
				CLANG_WARN_INFINITE_RECURSION = YES;
				CLANG_WARN_INT_CONVERSION = YES;
				CLANG_WARN_OBJC_ROOT_CLASS = YES_ERROR;
				CLANG_WARN_SUSPICIOUS_MOVE = YES;
				CLANG_WARN_UNREACHABLE_CODE = YES;
				CLANG_WARN__DUPLICATE_METHOD_MATCH = YES;
				"CODE_SIGN_IDENTITY[sdk=iphoneos*]" = "iPhone Developer";
				COPY_PHASE_STRIP = NO;
				DEBUG_INFORMATION_FORMAT = dwarf;
				ENABLE_STRICT_OBJC_MSGSEND = YES;
				ENABLE_TESTABILITY = YES;
				GCC_C_LANGUAGE_STANDARD = gnu99;
				GCC_DYNAMIC_NO_PIC = NO;
				GCC_NO_COMMON_BLOCKS = YES;
				GCC_OPTIMIZATION_LEVEL = 0;
				GCC_PREPROCESSOR_DEFINITIONS = (
					"DEBUG=1",
					"$(inherited)",
				);
				GCC_WARN_64_TO_32_BIT_CONVERSION = YES;
				GCC_WARN_ABOUT_RETURN_TYPE = YES_ERROR;
				GCC_WARN_UNDECLARED_SELECTOR = YES;
				GCC_WARN_UNINITIALIZED_AUTOS = YES_AGGRESSIVE;
				GCC_WARN_UNUSED_FUNCTION = YES;
				GCC_WARN_UNUSED_VARIABLE = YES;
				IPHONEOS_DEPLOYMENT_TARGET = 10.3;
				MTL_ENABLE_DEBUG_INFO = YES;
				ONLY_ACTIVE_ARCH = YES;
				SDKROOT = iphoneos;
				SWIFT_ACTIVE_COMPILATION_CONDITIONS = DEBUG;
				SWIFT_OPTIMIZATION_LEVEL = "-Onone";
				TARGETED_DEVICE_FAMILY = "1,2";
			};
			name = Debug;
		};
		06791BE81EE4162400F00FC8 /* Release */ = {
			isa = XCBuildConfiguration;
			buildSettings = {
				ALWAYS_SEARCH_USER_PATHS = NO;
				CLANG_ANALYZER_NONNULL = YES;
				CLANG_ANALYZER_NUMBER_OBJECT_CONVERSION = YES_AGGRESSIVE;
				CLANG_CXX_LANGUAGE_STANDARD = "gnu++0x";
				CLANG_CXX_LIBRARY = "libc++";
				CLANG_ENABLE_MODULES = YES;
				CLANG_ENABLE_OBJC_ARC = YES;
				CLANG_WARN_BOOL_CONVERSION = YES;
				CLANG_WARN_CONSTANT_CONVERSION = YES;
				CLANG_WARN_DIRECT_OBJC_ISA_USAGE = YES_ERROR;
				CLANG_WARN_DOCUMENTATION_COMMENTS = YES;
				CLANG_WARN_EMPTY_BODY = YES;
				CLANG_WARN_ENUM_CONVERSION = YES;
				CLANG_WARN_INFINITE_RECURSION = YES;
				CLANG_WARN_INT_CONVERSION = YES;
				CLANG_WARN_OBJC_ROOT_CLASS = YES_ERROR;
				CLANG_WARN_SUSPICIOUS_MOVE = YES;
				CLANG_WARN_UNREACHABLE_CODE = YES;
				CLANG_WARN__DUPLICATE_METHOD_MATCH = YES;
				"CODE_SIGN_IDENTITY[sdk=iphoneos*]" = "iPhone Developer";
				COPY_PHASE_STRIP = NO;
				DEBUG_INFORMATION_FORMAT = "dwarf-with-dsym";
				ENABLE_NS_ASSERTIONS = NO;
				ENABLE_STRICT_OBJC_MSGSEND = YES;
				GCC_C_LANGUAGE_STANDARD = gnu99;
				GCC_NO_COMMON_BLOCKS = YES;
				GCC_WARN_64_TO_32_BIT_CONVERSION = YES;
				GCC_WARN_ABOUT_RETURN_TYPE = YES_ERROR;
				GCC_WARN_UNDECLARED_SELECTOR = YES;
				GCC_WARN_UNINITIALIZED_AUTOS = YES_AGGRESSIVE;
				GCC_WARN_UNUSED_FUNCTION = YES;
				GCC_WARN_UNUSED_VARIABLE = YES;
				IPHONEOS_DEPLOYMENT_TARGET = 10.3;
				MTL_ENABLE_DEBUG_INFO = NO;
				SDKROOT = iphoneos;
				SWIFT_OPTIMIZATION_LEVEL = "-Owholemodule";
				TARGETED_DEVICE_FAMILY = "1,2";
				VALIDATE_PRODUCT = YES;
			};
			name = Release;
		};
		06791BEA1EE4162400F00FC8 /* Debug */ = {
			isa = XCBuildConfiguration;
			buildSettings = {
				ASSETCATALOG_COMPILER_APPICON_NAME = AppIcon;
				DEVELOPMENT_TEAM = 9757EZX85T;
				INFOPLIST_FILE = RunInDark/Info.plist;
				IPHONEOS_DEPLOYMENT_TARGET = 10.2.1;
				LD_RUNPATH_SEARCH_PATHS = "$(inherited) @executable_path/Frameworks";
				PRODUCT_BUNDLE_IDENTIFIER = nju.edu.cn.RunInDark;
				PRODUCT_NAME = "$(TARGET_NAME)";
				SWIFT_VERSION = 3.0;
			};
			name = Debug;
		};
		06791BEB1EE4162400F00FC8 /* Release */ = {
			isa = XCBuildConfiguration;
			buildSettings = {
				ASSETCATALOG_COMPILER_APPICON_NAME = AppIcon;
				DEVELOPMENT_TEAM = 9757EZX85T;
				INFOPLIST_FILE = RunInDark/Info.plist;
				IPHONEOS_DEPLOYMENT_TARGET = 10.2.1;
				LD_RUNPATH_SEARCH_PATHS = "$(inherited) @executable_path/Frameworks";
				PRODUCT_BUNDLE_IDENTIFIER = nju.edu.cn.RunInDark;
				PRODUCT_NAME = "$(TARGET_NAME)";
				SWIFT_VERSION = 3.0;
			};
			name = Release;
		};
/* End XCBuildConfiguration section */

/* Begin XCConfigurationList section */
		06791BCC1EE4162400F00FC8 /* Build configuration list for PBXProject "RunInDark" */ = {
			isa = XCConfigurationList;
			buildConfigurations = (
				06791BE71EE4162400F00FC8 /* Debug */,
				06791BE81EE4162400F00FC8 /* Release */,
			);
			defaultConfigurationIsVisible = 0;
			defaultConfigurationName = Release;
		};
		06791BE91EE4162400F00FC8 /* Build configuration list for PBXNativeTarget "RunInDark" */ = {
			isa = XCConfigurationList;
			buildConfigurations = (
				06791BEA1EE4162400F00FC8 /* Debug */,
				06791BEB1EE4162400F00FC8 /* Release */,
			);
			defaultConfigurationIsVisible = 0;
			defaultConfigurationName = Release;
		};
/* End XCConfigurationList section */
	};
	rootObject = 06791BC91EE4162400F00FC8 /* Project object */;
}
